
Microsoft Visual Studio Solution File, Format Version 12.00
# Visual Studio Version 16
VisualStudioVersion = 16.0.31624.102
MinimumVisualStudioVersion = 10.0.40219.1
Project("{8BC9CEB8-8B4A-11D0-8D11-00A0C91BC942}") = "ExponentialGrowth", "ExponentialGrowth\ExponentialGrowth.vcxproj", "{F09E972E-770B-4D20-A5A5-9E14CB2D62BC}"
EndProject
Project("{8BC9CEB8-8B4A-11D0-8D11-00A0C91BC942}") = "BonusProject", "BonusProject\BonusProject.vcxproj", "{5395CB5A-4E69-489D-8620-6A81E44E8DD1}"
EndProject
Global
	GlobalSection(SolutionConfigurationPlatforms) = preSolution
		Debug|x64 = Debug|x64
		Debug|x86 = Debug|x86
		Release|x64 = Release|x64
		Release|x86 = Release|x86
	EndGlobalSection
	GlobalSection(ProjectConfigurationPlatforms) = postSolution
		{F09E972E-770B-4D20-A5A5-9E14CB2D62BC}.Debug|x64.ActiveCfg = Debug|x64
		{F09E972E-770B-4D20-A5A5-9E14CB2D62BC}.Debug|x64.Build.0 = Debug|x64
		{F09E972E-770B-4D20-A5A5-9E14CB2D62BC}.Debug|x86.ActiveCfg = Debug|Win32
		{F09E972E-770B-4D20-A5A5-9E14CB2D62BC}.Debug|x86.Build.0 = Debug|Win32
		{F09E972E-770B-4D20-A5A5-9E14CB2D62BC}.Release|x64.ActiveCfg = Release|x64
		{F09E972E-770B-4D20-A5A5-9E14CB2D62BC}.Release|x64.Build.0 = Release|x64
		{F09E972E-770B-4D20-A5A5-9E14CB2D62BC}.Release|x86.ActiveCfg = Release|Win32
		{F09E972E-770B-4D20-A5A5-9E14CB2D62BC}.Release|x86.Build.0 = Release|Win32
		{5395CB5A-4E69-489D-8620-6A81E44E8DD1}.Debug|x64.ActiveCfg = Debug|x64
		{5395CB5A-4E69-489D-8620-6A81E44E8DD1}.Debug|x64.Build.0 = Debug|x64
		{5395CB5A-4E69-489D-8620-6A81E44E8DD1}.Debug|x86.ActiveCfg = Debug|Win32
		{5395CB5A-4E69-489D-8620-6A81E44E8DD1}.Debug|x86.Build.0 = Debug|Win32
		{5395CB5A-4E69-489D-8620-6A81E44E8DD1}.Release|x64.ActiveCfg = Release|x64
		{5395CB5A-4E69-489D-8620-6A81E44E8DD1}.Release|x64.Build.0 = Release|x64
		{5395CB5A-4E69-489D-8620-6A81E44E8DD1}.Release|x86.ActiveCfg = Release|Win32
		{5395CB5A-4E69-489D-8620-6A81E44E8DD1}.Release|x86.Build.0 = Release|Win32
	EndGlobalSection
	GlobalSection(SolutionProperties) = preSolution
		HideSolutionNode = FALSE
	EndGlobalSection
	GlobalSection(ExtensibilityGlobals) = postSolution
		SolutionGuid = {87849AE1-7135-4CC0-BF73-FFBB3595AA9F}
	EndGlobalSection
EndGlobal
